
Microsoft Visual Studio Solution File, Format Version 12.00
# Visual Studio 15
VisualStudioVersion = 15.0.27703.2018
MinimumVisualStudioVersion = 10.0.40219.1
Project("{FAE04EC0-301F-11D3-BF4B-00C04F79EFBC}") = "WPF_APP", "WPF_APP\WPF_APP.csproj", "{16562E69-C534-4C26-A5D3-C8C8C2133C06}"
EndProject
Project("{FAE04EC0-301F-11D3-BF4B-00C04F79EFBC}") = "Models", "Models\Models.csproj", "{DE9A4B31-3385-41CD-B56F-1A534BD5A5B9}"
EndProject
Project("{FAE04EC0-301F-11D3-BF4B-00C04F79EFBC}") = "AppContext", "AppContext\AppContext.csproj", "{E11A2F45-2384-4B72-ADD4-F0212D39BB0D}"
EndProject
Global
	GlobalSection(SolutionConfigurationPlatforms) = preSolution
		Debug|Any CPU = Debug|Any CPU
		Release|Any CPU = Release|Any CPU
	EndGlobalSection
	GlobalSection(ProjectConfigurationPlatforms) = postSolution
		{16562E69-C534-4C26-A5D3-C8C8C2133C06}.Debug|Any CPU.ActiveCfg = Debug|Any CPU
		{16562E69-C534-4C26-A5D3-C8C8C2133C06}.Debug|Any CPU.Build.0 = Debug|Any CPU
		{16562E69-C534-4C26-A5D3-C8C8C2133C06}.Release|Any CPU.ActiveCfg = Release|Any CPU
		{16562E69-C534-4C26-A5D3-C8C8C2133C06}.Release|Any CPU.Build.0 = Release|Any CPU
		{DE9A4B31-3385-41CD-B56F-1A534BD5A5B9}.Debug|Any CPU.ActiveCfg = Debug|Any CPU
		{DE9A4B31-3385-41CD-B56F-1A534BD5A5B9}.Debug|Any CPU.Build.0 = Debug|Any CPU
		{DE9A4B31-3385-41CD-B56F-1A534BD5A5B9}.Release|Any CPU.ActiveCfg = Release|Any CPU
		{DE9A4B31-3385-41CD-B56F-1A534BD5A5B9}.Release|Any CPU.Build.0 = Release|Any CPU
		{E11A2F45-2384-4B72-ADD4-F0212D39BB0D}.Debug|Any CPU.ActiveCfg = Debug|Any CPU
		{E11A2F45-2384-4B72-ADD4-F0212D39BB0D}.Debug|Any CPU.Build.0 = Debug|Any CPU
		{E11A2F45-2384-4B72-ADD4-F0212D39BB0D}.Release|Any CPU.ActiveCfg = Release|Any CPU
		{E11A2F45-2384-4B72-ADD4-F0212D39BB0D}.Release|Any CPU.Build.0 = Release|Any CPU
	EndGlobalSection
	GlobalSection(SolutionProperties) = preSolution
		HideSolutionNode = FALSE
	EndGlobalSection
	GlobalSection(ExtensibilityGlobals) = postSolution
		SolutionGuid = {80666910-4219-40BA-B455-08C828CD4F9E}
	EndGlobalSection
EndGlobal
